
Microsoft Visual Studio Solution File, Format Version 12.00
# Visual Studio Version 16
VisualStudioVersion = 16.0.810.25
MinimumVisualStudioVersion = 10.0.40219.1
Project("{FAE04EC0-301F-11D3-BF4B-00C04F79EFBC}") = "Robol", "Robol.csproj", "{CE8A468A-07AC-4E41-9C76-A7AD9FA04B22}"
EndProject
Global
	GlobalSection(SolutionConfigurationPlatforms) = preSolution
		Debug|anycpu = Debug|anycpu
		Release|anycpu = Release|anycpu
	EndGlobalSection
	GlobalSection(ProjectConfigurationPlatforms) = postSolution
		{CE8A468A-07AC-4E41-9C76-A7AD9FA04B22}.Debug|anycpu.ActiveCfg = Debug|anycpu
		{CE8A468A-07AC-4E41-9C76-A7AD9FA04B22}.Debug|anycpu.Build.0 = Debug|anycpu
		{CE8A468A-07AC-4E41-9C76-A7AD9FA04B22}.Release|anycpu.ActiveCfg = Release|anycpu
		{CE8A468A-07AC-4E41-9C76-A7AD9FA04B22}.Release|anycpu.Build.0 = Release|anycpu
	EndGlobalSection
	GlobalSection(SolutionProperties) = preSolution
		HideSolutionNode = FALSE
	EndGlobalSection
	GlobalSection(ExtensibilityGlobals) = postSolution
		SolutionGuid = {D17B1510-C570-4E0B-8620-C9F1B35A7A9B}
	EndGlobalSection
EndGlobal
