
Microsoft Visual Studio Solution File, Format Version 12.00
# Visual Studio Version 16
VisualStudioVersion = 16.0.810.25
MinimumVisualStudioVersion = 10.0.40219.1
Project("{FAE04EC0-301F-11D3-BF4B-00C04F79EFBC}") = "Robol Tester", "test\Robol Tester.csproj", "{09EF5101-414B-434E-90DA-64426C31CCE5}"
EndProject
Project("{FAE04EC0-301F-11D3-BF4B-00C04F79EFBC}") = "Robol", "Robol.csproj", "{E2F7AC23-D9AD-4B25-85D3-698B91E8B612}"
EndProject
Global
	GlobalSection(SolutionConfigurationPlatforms) = preSolution
		Debug|anycpu = Debug|anycpu
		Release|anycpu = Release|anycpu
	EndGlobalSection
	GlobalSection(ProjectConfigurationPlatforms) = postSolution
		{09EF5101-414B-434E-90DA-64426C31CCE5}.Debug|anycpu.ActiveCfg = Debug|Any CPU
		{09EF5101-414B-434E-90DA-64426C31CCE5}.Debug|anycpu.Build.0 = Debug|Any CPU
		{09EF5101-414B-434E-90DA-64426C31CCE5}.Release|anycpu.ActiveCfg = Release|Any CPU
		{09EF5101-414B-434E-90DA-64426C31CCE5}.Release|anycpu.Build.0 = Release|Any CPU
		{E2F7AC23-D9AD-4B25-85D3-698B91E8B612}.Debug|anycpu.ActiveCfg = Debug|Any CPU
		{E2F7AC23-D9AD-4B25-85D3-698B91E8B612}.Debug|anycpu.Build.0 = Debug|Any CPU
		{E2F7AC23-D9AD-4B25-85D3-698B91E8B612}.Release|anycpu.ActiveCfg = Release|Any CPU
		{E2F7AC23-D9AD-4B25-85D3-698B91E8B612}.Release|anycpu.Build.0 = Release|Any CPU
	EndGlobalSection
	GlobalSection(SolutionProperties) = preSolution
		HideSolutionNode = FALSE
	EndGlobalSection
	GlobalSection(ExtensibilityGlobals) = postSolution
		SolutionGuid = {D17B1510-C570-4E0B-8620-C9F1B35A7A9B}
	EndGlobalSection
EndGlobal
